
Microsoft Visual Studio Solution File, Format Version 12.00
# Visual Studio Version 17
VisualStudioVersion = 17.6.33829.357
MinimumVisualStudioVersion = 10.0.40219.1
Project("{9A19103F-16F7-4668-BE54-9A1E7A4F7556}") = "smsapi-free-mobile-cli-client", "smsapi-free-mobile-cli-client\smsapi-free-mobile-cli-client.csproj", "{2B09860E-8D5B-4A3F-ACB1-3D7B80EDEE8E}"
EndProject
Project("{778DAE3C-4631-46EA-AA77-85C1314464D9}") = "smsapi-free-mobile", "..\smsapi-free-mobile\smsapi-free-mobile\smsapi-free-mobile.vbproj", "{351473F2-87F9-4DAE-8B5E-D8987EA24D9B}"
EndProject
Global
	GlobalSection(SolutionConfigurationPlatforms) = preSolution
		Debug|Any CPU = Debug|Any CPU
		Release|Any CPU = Release|Any CPU
	EndGlobalSection
	GlobalSection(ProjectConfigurationPlatforms) = postSolution
		{2B09860E-8D5B-4A3F-ACB1-3D7B80EDEE8E}.Debug|Any CPU.ActiveCfg = Debug|Any CPU
		{2B09860E-8D5B-4A3F-ACB1-3D7B80EDEE8E}.Debug|Any CPU.Build.0 = Debug|Any CPU
		{2B09860E-8D5B-4A3F-ACB1-3D7B80EDEE8E}.Release|Any CPU.ActiveCfg = Release|Any CPU
		{2B09860E-8D5B-4A3F-ACB1-3D7B80EDEE8E}.Release|Any CPU.Build.0 = Release|Any CPU
		{351473F2-87F9-4DAE-8B5E-D8987EA24D9B}.Debug|Any CPU.ActiveCfg = Debug|Any CPU
		{351473F2-87F9-4DAE-8B5E-D8987EA24D9B}.Debug|Any CPU.Build.0 = Debug|Any CPU
		{351473F2-87F9-4DAE-8B5E-D8987EA24D9B}.Release|Any CPU.ActiveCfg = Release|Any CPU
		{351473F2-87F9-4DAE-8B5E-D8987EA24D9B}.Release|Any CPU.Build.0 = Release|Any CPU
	EndGlobalSection
	GlobalSection(SolutionProperties) = preSolution
		HideSolutionNode = FALSE
	EndGlobalSection
	GlobalSection(ExtensibilityGlobals) = postSolution
		SolutionGuid = {DB5833CB-065C-4A59-B4AC-9897B6D3671B}
	EndGlobalSection
EndGlobal
